
Microsoft Visual Studio Solution File, Format Version 12.00
# Visual Studio Version 17
VisualStudioVersion = 17.6.33801.468
MinimumVisualStudioVersion = 10.0.40219.1
Project("{9A19103F-16F7-4668-BE54-9A1E7A4F7556}") = "FileApp", "FileApp\FileApp.csproj", "{EAF48B80-D2E0-425B-BD8E-72E1674BC3FA}"
EndProject
Project("{9A19103F-16F7-4668-BE54-9A1E7A4F7556}") = "ShopApp", "ShopApp\ShopApp.csproj", "{5975F045-F6B6-470E-BDC5-109E7C623406}"
EndProject
Project("{9A19103F-16F7-4668-BE54-9A1E7A4F7556}") = "ZipApp", "ZipApp\ZipApp.csproj", "{EB6D18A5-8A19-4008-BE96-F0E86B7DBAF2}"
EndProject
Project("{FAE04EC0-301F-11D3-BF4B-00C04F79EFBC}") = "CSV old", "CvsApp\CSV old.csproj", "{68E333D1-E0CE-4901-BC7F-EB7A014E7A36}"
EndProject
Project("{FAE04EC0-301F-11D3-BF4B-00C04F79EFBC}") = "CsvApp", "CsvApp\CsvApp.csproj", "{1877E5C3-76E3-43E7-BA62-B559BC74059F}"
EndProject
Global
	GlobalSection(SolutionConfigurationPlatforms) = preSolution
		Debug|Any CPU = Debug|Any CPU
		Release|Any CPU = Release|Any CPU
	EndGlobalSection
	GlobalSection(ProjectConfigurationPlatforms) = postSolution
		{EAF48B80-D2E0-425B-BD8E-72E1674BC3FA}.Debug|Any CPU.ActiveCfg = Debug|Any CPU
		{EAF48B80-D2E0-425B-BD8E-72E1674BC3FA}.Debug|Any CPU.Build.0 = Debug|Any CPU
		{EAF48B80-D2E0-425B-BD8E-72E1674BC3FA}.Release|Any CPU.ActiveCfg = Release|Any CPU
		{EAF48B80-D2E0-425B-BD8E-72E1674BC3FA}.Release|Any CPU.Build.0 = Release|Any CPU
		{5975F045-F6B6-470E-BDC5-109E7C623406}.Debug|Any CPU.ActiveCfg = Debug|Any CPU
		{5975F045-F6B6-470E-BDC5-109E7C623406}.Debug|Any CPU.Build.0 = Debug|Any CPU
		{5975F045-F6B6-470E-BDC5-109E7C623406}.Release|Any CPU.ActiveCfg = Release|Any CPU
		{5975F045-F6B6-470E-BDC5-109E7C623406}.Release|Any CPU.Build.0 = Release|Any CPU
		{EB6D18A5-8A19-4008-BE96-F0E86B7DBAF2}.Debug|Any CPU.ActiveCfg = Debug|Any CPU
		{EB6D18A5-8A19-4008-BE96-F0E86B7DBAF2}.Debug|Any CPU.Build.0 = Debug|Any CPU
		{EB6D18A5-8A19-4008-BE96-F0E86B7DBAF2}.Release|Any CPU.ActiveCfg = Release|Any CPU
		{EB6D18A5-8A19-4008-BE96-F0E86B7DBAF2}.Release|Any CPU.Build.0 = Release|Any CPU
		{68E333D1-E0CE-4901-BC7F-EB7A014E7A36}.Debug|Any CPU.ActiveCfg = Debug|Any CPU
		{68E333D1-E0CE-4901-BC7F-EB7A014E7A36}.Debug|Any CPU.Build.0 = Debug|Any CPU
		{68E333D1-E0CE-4901-BC7F-EB7A014E7A36}.Release|Any CPU.ActiveCfg = Release|Any CPU
		{68E333D1-E0CE-4901-BC7F-EB7A014E7A36}.Release|Any CPU.Build.0 = Release|Any CPU
		{1877E5C3-76E3-43E7-BA62-B559BC74059F}.Debug|Any CPU.ActiveCfg = Debug|Any CPU
		{1877E5C3-76E3-43E7-BA62-B559BC74059F}.Debug|Any CPU.Build.0 = Debug|Any CPU
		{1877E5C3-76E3-43E7-BA62-B559BC74059F}.Release|Any CPU.ActiveCfg = Release|Any CPU
		{1877E5C3-76E3-43E7-BA62-B559BC74059F}.Release|Any CPU.Build.0 = Release|Any CPU
	EndGlobalSection
	GlobalSection(SolutionProperties) = preSolution
		HideSolutionNode = FALSE
	EndGlobalSection
	GlobalSection(ExtensibilityGlobals) = postSolution
		SolutionGuid = {A2A7354F-DBF0-4493-A9CD-9D293596885C}
	EndGlobalSection
EndGlobal
